// !$*UTF8*$!
{
	archiveVersion = 1;
	classes = {
	};
	objectVersion = 52;
	objects = {

/* Begin PBXBuildFile section */
		9816BAAF256CAF8E00FF90C6 /* PassThrough.metal in Sources */ = {isa = PBXBuildFile; fileRef = 9816BAAE256CAF8E00FF90C6 /* PassThrough.metal */; };
		9816BAB4256EEF7700FF90C6 /* LightingViewController.swift in Sources */ = {isa = PBXBuildFile; fileRef = 9816BAB3256EEF7700FF90C6 /* LightingViewController.swift */; };
		9816BAC12570BE0400FF90C6 /* InstructViewController.swift in Sources */ = {isa = PBXBuildFile; fileRef = 9816BAC02570BE0400FF90C6 /* InstructViewController.swift */; };
		9816BAC62572D46600FF90C6 /* PortraitViewController.swift in Sources */ = {isa = PBXBuildFile; fileRef = 9816BAC52572D46600FF90C6 /* PortraitViewController.swift */; };
		984B11C3256218B1005809C3 /* ThresholdKernel.swift in Sources */ = {isa = PBXBuildFile; fileRef = 984B11C2256218B1005809C3 /* ThresholdKernel.swift */; };
		985121242575EDB300F11004 /* CircularProgressView.swift in Sources */ = {isa = PBXBuildFile; fileRef = 985121232575EDB300F11004 /* CircularProgressView.swift */; };
		9851212925789E7100F11004 /* AlertViewController.storyboard in Resources */ = {isa = PBXBuildFile; fileRef = 9851212825789E7100F11004 /* AlertViewController.storyboard */; };
		985121362578B1A400F11004 /* AlertViewController.swift in Sources */ = {isa = PBXBuildFile; fileRef = 985121352578B1A400F11004 /* AlertViewController.swift */; };
		9851213E257AA0CA00F11004 /* OverviewController.swift in Sources */ = {isa = PBXBuildFile; fileRef = 9851213D257AA0CA00F11004 /* OverviewController.swift */; };
		98512154257E96FA00F11004 /* AssessLightController.swift in Sources */ = {isa = PBXBuildFile; fileRef = 98512153257E96FA00F11004 /* AssessLightController.swift */; };
		98512159257F25CC00F11004 /* GoogLeNetPlaces.mlmodel in Sources */ = {isa = PBXBuildFile; fileRef = 98512158257F25CC00F11004 /* GoogLeNetPlaces.mlmodel */; };
		98512162258130C800F11004 /* SceneMapping.json in Resources */ = {isa = PBXBuildFile; fileRef = 98512161258130C800F11004 /* SceneMapping.json */; };
		9851D36F253A461C0009D709 /* AppDelegate.swift in Sources */ = {isa = PBXBuildFile; fileRef = 9851D36E253A461C0009D709 /* AppDelegate.swift */; };
		9851D371253A461C0009D709 /* SceneDelegate.swift in Sources */ = {isa = PBXBuildFile; fileRef = 9851D370253A461C0009D709 /* SceneDelegate.swift */; };
		9851D373253A461C0009D709 /* ViewController.swift in Sources */ = {isa = PBXBuildFile; fileRef = 9851D372253A461C0009D709 /* ViewController.swift */; };
		9851D376253A461C0009D709 /* Main.storyboard in Resources */ = {isa = PBXBuildFile; fileRef = 9851D374253A461C0009D709 /* Main.storyboard */; };
		9851D378253A46200009D709 /* Assets.xcassets in Resources */ = {isa = PBXBuildFile; fileRef = 9851D377253A46200009D709 /* Assets.xcassets */; };
		9851D37B253A46200009D709 /* LaunchScreen.storyboard in Resources */ = {isa = PBXBuildFile; fileRef = 9851D379253A46200009D709 /* LaunchScreen.storyboard */; };
		9851D386253A46210009D709 /* FaceMagikTests.swift in Sources */ = {isa = PBXBuildFile; fileRef = 9851D385253A46210009D709 /* FaceMagikTests.swift */; };
		9851D391253A46210009D709 /* FaceMagikUITests.swift in Sources */ = {isa = PBXBuildFile; fileRef = 9851D390253A46210009D709 /* FaceMagikUITests.swift */; };
		985F8B72256C80F800EAA558 /* PreviewMetalView.swift in Sources */ = {isa = PBXBuildFile; fileRef = 985F8B71256C80F800EAA558 /* PreviewMetalView.swift */; };
		986471B32586A1690080F976 /* LightConditionsController.storyboard in Resources */ = {isa = PBXBuildFile; fileRef = 986471B22586A1690080F976 /* LightConditionsController.storyboard */; };
		986471B82586A1A00080F976 /* LightConditionsController.swift in Sources */ = {isa = PBXBuildFile; fileRef = 986471B72586A1A00080F976 /* LightConditionsController.swift */; };
		986471BD2589CA6C0080F976 /* StandupController.swift in Sources */ = {isa = PBXBuildFile; fileRef = 986471BC2589CA6C0080F976 /* StandupController.swift */; };
		986471C22589CABD0080F976 /* StandupController.storyboard in Resources */ = {isa = PBXBuildFile; fileRef = 986471C12589CABD0080F976 /* StandupController.storyboard */; };
		986921EA253CD9E700C98065 /* PreviewView.swift in Sources */ = {isa = PBXBuildFile; fileRef = 986921E9253CD9E700C98065 /* PreviewView.swift */; };
		98984ADA254C52DA009E7AC7 /* PhotoProcessor.swift in Sources */ = {isa = PBXBuildFile; fileRef = 98984AD9254C52D9009E7AC7 /* PhotoProcessor.swift */; };
		989F4593258A71A7005B1D4B /* PhoneOrientationController.swift in Sources */ = {isa = PBXBuildFile; fileRef = 989F4592258A71A7005B1D4B /* PhoneOrientationController.swift */; };
		989F4598258A71CF005B1D4B /* PhoneOrientationController.storyboard in Resources */ = {isa = PBXBuildFile; fileRef = 989F4597258A71CF005B1D4B /* PhoneOrientationController.storyboard */; };
		989F459D258BCAF9005B1D4B /* RotateInstructionsController.swift in Sources */ = {isa = PBXBuildFile; fileRef = 989F459C258BCAF9005B1D4B /* RotateInstructionsController.swift */; };
		989F45A2258BCB14005B1D4B /* RotateInstructionsController.storyboard in Resources */ = {isa = PBXBuildFile; fileRef = 989F45A1258BCB14005B1D4B /* RotateInstructionsController.storyboard */; };
		989F45A8258BD2B2005B1D4B /* Gifu in Frameworks */ = {isa = PBXBuildFile; productRef = 989F45A7258BD2B2005B1D4B /* Gifu */; };
		989F45AE258BD685005B1D4B /* rotate-woman.gif in Resources */ = {isa = PBXBuildFile; fileRef = 989F45AD258BD684005B1D4B /* rotate-woman.gif */; };
		989F45B8258C0C5C005B1D4B /* AssessLightController.storyboard in Resources */ = {isa = PBXBuildFile; fileRef = 989F45B7258C0C5C005B1D4B /* AssessLightController.storyboard */; };
		98B171072543360700D464BF /* ImageViewController.swift in Sources */ = {isa = PBXBuildFile; fileRef = 98B171062543360700D464BF /* ImageViewController.swift */; };
/* End PBXBuildFile section */

/* Begin PBXContainerItemProxy section */
		9851D382253A46210009D709 /* PBXContainerItemProxy */ = {
			isa = PBXContainerItemProxy;
			containerPortal = 9851D363253A461C0009D709 /* Project object */;
			proxyType = 1;
			remoteGlobalIDString = 9851D36A253A461C0009D709;
			remoteInfo = FaceMagik;
		};
		9851D38D253A46210009D709 /* PBXContainerItemProxy */ = {
			isa = PBXContainerItemProxy;
			containerPortal = 9851D363253A461C0009D709 /* Project object */;
			proxyType = 1;
			remoteGlobalIDString = 9851D36A253A461C0009D709;
			remoteInfo = FaceMagik;
		};
/* End PBXContainerItemProxy section */

/* Begin PBXFileReference section */
		9816BAAE256CAF8E00FF90C6 /* PassThrough.metal */ = {isa = PBXFileReference; lastKnownFileType = sourcecode.metal; path = PassThrough.metal; sourceTree = "<group>"; };
		9816BAB3256EEF7700FF90C6 /* LightingViewController.swift */ = {isa = PBXFileReference; lastKnownFileType = sourcecode.swift; path = LightingViewController.swift; sourceTree = "<group>"; };
		9816BAC02570BE0400FF90C6 /* InstructViewController.swift */ = {isa = PBXFileReference; lastKnownFileType = sourcecode.swift; path = InstructViewController.swift; sourceTree = "<group>"; };
		9816BAC52572D46600FF90C6 /* PortraitViewController.swift */ = {isa = PBXFileReference; lastKnownFileType = sourcecode.swift; path = PortraitViewController.swift; sourceTree = "<group>"; };
		984B11C2256218B1005809C3 /* ThresholdKernel.swift */ = {isa = PBXFileReference; lastKnownFileType = sourcecode.swift; path = ThresholdKernel.swift; sourceTree = "<group>"; };
		985121232575EDB300F11004 /* CircularProgressView.swift */ = {isa = PBXFileReference; lastKnownFileType = sourcecode.swift; path = CircularProgressView.swift; sourceTree = "<group>"; };
		9851212825789E7100F11004 /* AlertViewController.storyboard */ = {isa = PBXFileReference; lastKnownFileType = file.storyboard; path = AlertViewController.storyboard; sourceTree = "<group>"; };
		985121352578B1A400F11004 /* AlertViewController.swift */ = {isa = PBXFileReference; lastKnownFileType = sourcecode.swift; path = AlertViewController.swift; sourceTree = "<group>"; };
		9851213D257AA0CA00F11004 /* OverviewController.swift */ = {isa = PBXFileReference; lastKnownFileType = sourcecode.swift; path = OverviewController.swift; sourceTree = "<group>"; };
		98512153257E96FA00F11004 /* AssessLightController.swift */ = {isa = PBXFileReference; lastKnownFileType = sourcecode.swift; path = AssessLightController.swift; sourceTree = "<group>"; };
		98512158257F25CC00F11004 /* GoogLeNetPlaces.mlmodel */ = {isa = PBXFileReference; lastKnownFileType = file.mlmodel; path = GoogLeNetPlaces.mlmodel; sourceTree = "<group>"; };
		98512161258130C800F11004 /* SceneMapping.json */ = {isa = PBXFileReference; fileEncoding = 4; lastKnownFileType = text.json; path = SceneMapping.json; sourceTree = "<group>"; };
		9851D36B253A461C0009D709 /* FaceMagik.app */ = {isa = PBXFileReference; explicitFileType = wrapper.application; includeInIndex = 0; path = FaceMagik.app; sourceTree = BUILT_PRODUCTS_DIR; };
		9851D36E253A461C0009D709 /* AppDelegate.swift */ = {isa = PBXFileReference; lastKnownFileType = sourcecode.swift; path = AppDelegate.swift; sourceTree = "<group>"; };
		9851D370253A461C0009D709 /* SceneDelegate.swift */ = {isa = PBXFileReference; lastKnownFileType = sourcecode.swift; path = SceneDelegate.swift; sourceTree = "<group>"; };
		9851D372253A461C0009D709 /* ViewController.swift */ = {isa = PBXFileReference; lastKnownFileType = sourcecode.swift; path = ViewController.swift; sourceTree = "<group>"; };
		9851D375253A461C0009D709 /* Base */ = {isa = PBXFileReference; lastKnownFileType = file.storyboard; name = Base; path = Base.lproj/Main.storyboard; sourceTree = "<group>"; };
		9851D377253A46200009D709 /* Assets.xcassets */ = {isa = PBXFileReference; lastKnownFileType = folder.assetcatalog; path = Assets.xcassets; sourceTree = "<group>"; };
		9851D37A253A46200009D709 /* Base */ = {isa = PBXFileReference; lastKnownFileType = file.storyboard; name = Base; path = Base.lproj/LaunchScreen.storyboard; sourceTree = "<group>"; };
		9851D37C253A46200009D709 /* Info.plist */ = {isa = PBXFileReference; lastKnownFileType = text.plist.xml; path = Info.plist; sourceTree = "<group>"; };
		9851D381253A46210009D709 /* FaceMagikTests.xctest */ = {isa = PBXFileReference; explicitFileType = wrapper.cfbundle; includeInIndex = 0; path = FaceMagikTests.xctest; sourceTree = BUILT_PRODUCTS_DIR; };
		9851D385253A46210009D709 /* FaceMagikTests.swift */ = {isa = PBXFileReference; lastKnownFileType = sourcecode.swift; path = FaceMagikTests.swift; sourceTree = "<group>"; };
		9851D387253A46210009D709 /* Info.plist */ = {isa = PBXFileReference; lastKnownFileType = text.plist.xml; path = Info.plist; sourceTree = "<group>"; };
		9851D38C253A46210009D709 /* FaceMagikUITests.xctest */ = {isa = PBXFileReference; explicitFileType = wrapper.cfbundle; includeInIndex = 0; path = FaceMagikUITests.xctest; sourceTree = BUILT_PRODUCTS_DIR; };
		9851D390253A46210009D709 /* FaceMagikUITests.swift */ = {isa = PBXFileReference; lastKnownFileType = sourcecode.swift; path = FaceMagikUITests.swift; sourceTree = "<group>"; };
		9851D392253A46210009D709 /* Info.plist */ = {isa = PBXFileReference; lastKnownFileType = text.plist.xml; path = Info.plist; sourceTree = "<group>"; };
		985F8B71256C80F800EAA558 /* PreviewMetalView.swift */ = {isa = PBXFileReference; lastKnownFileType = sourcecode.swift; path = PreviewMetalView.swift; sourceTree = "<group>"; };
		986471B22586A1690080F976 /* LightConditionsController.storyboard */ = {isa = PBXFileReference; lastKnownFileType = file.storyboard; path = LightConditionsController.storyboard; sourceTree = "<group>"; };
		986471B72586A1A00080F976 /* LightConditionsController.swift */ = {isa = PBXFileReference; lastKnownFileType = sourcecode.swift; path = LightConditionsController.swift; sourceTree = "<group>"; };
		986471BC2589CA6C0080F976 /* StandupController.swift */ = {isa = PBXFileReference; lastKnownFileType = sourcecode.swift; path = StandupController.swift; sourceTree = "<group>"; };
		986471C12589CABD0080F976 /* StandupController.storyboard */ = {isa = PBXFileReference; lastKnownFileType = file.storyboard; path = StandupController.storyboard; sourceTree = "<group>"; };
		986921E9253CD9E700C98065 /* PreviewView.swift */ = {isa = PBXFileReference; lastKnownFileType = sourcecode.swift; path = PreviewView.swift; sourceTree = "<group>"; };
		98984AD9254C52D9009E7AC7 /* PhotoProcessor.swift */ = {isa = PBXFileReference; lastKnownFileType = sourcecode.swift; path = PhotoProcessor.swift; sourceTree = "<group>"; };
		989F4592258A71A7005B1D4B /* PhoneOrientationController.swift */ = {isa = PBXFileReference; lastKnownFileType = sourcecode.swift; path = PhoneOrientationController.swift; sourceTree = "<group>"; };
		989F4597258A71CF005B1D4B /* PhoneOrientationController.storyboard */ = {isa = PBXFileReference; lastKnownFileType = file.storyboard; path = PhoneOrientationController.storyboard; sourceTree = "<group>"; };
		989F459C258BCAF9005B1D4B /* RotateInstructionsController.swift */ = {isa = PBXFileReference; lastKnownFileType = sourcecode.swift; path = RotateInstructionsController.swift; sourceTree = "<group>"; };
		989F45A1258BCB14005B1D4B /* RotateInstructionsController.storyboard */ = {isa = PBXFileReference; lastKnownFileType = file.storyboard; path = RotateInstructionsController.storyboard; sourceTree = "<group>"; };
		989F45AD258BD684005B1D4B /* rotate-woman.gif */ = {isa = PBXFileReference; lastKnownFileType = image.gif; path = "rotate-woman.gif"; sourceTree = "<group>"; };
		989F45B7258C0C5C005B1D4B /* AssessLightController.storyboard */ = {isa = PBXFileReference; lastKnownFileType = file.storyboard; path = AssessLightController.storyboard; sourceTree = "<group>"; };
		98B171062543360700D464BF /* ImageViewController.swift */ = {isa = PBXFileReference; lastKnownFileType = sourcecode.swift; path = ImageViewController.swift; sourceTree = "<group>"; };
/* End PBXFileReference section */

/* Begin PBXFrameworksBuildPhase section */
		9851D368253A461C0009D709 /* Frameworks */ = {
			isa = PBXFrameworksBuildPhase;
			buildActionMask = 2147483647;
			files = (
				989F45A8258BD2B2005B1D4B /* Gifu in Frameworks */,
			);
			runOnlyForDeploymentPostprocessing = 0;
		};
		9851D37E253A46210009D709 /* Frameworks */ = {
			isa = PBXFrameworksBuildPhase;
			buildActionMask = 2147483647;
			files = (
			);
			runOnlyForDeploymentPostprocessing = 0;
		};
		9851D389253A46210009D709 /* Frameworks */ = {
			isa = PBXFrameworksBuildPhase;
			buildActionMask = 2147483647;
			files = (
			);
			runOnlyForDeploymentPostprocessing = 0;
		};
/* End PBXFrameworksBuildPhase section */

/* Begin PBXGroup section */
		9816BAAD256CAF6C00FF90C6 /* Shaders */ = {
			isa = PBXGroup;
			children = (
				9816BAAE256CAF8E00FF90C6 /* PassThrough.metal */,
			);
			path = Shaders;
			sourceTree = "<group>";
		};
		9851D362253A461C0009D709 = {
			isa = PBXGroup;
			children = (
				9851D36D253A461C0009D709 /* FaceMagik */,
				9851D384253A46210009D709 /* FaceMagikTests */,
				9851D38F253A46210009D709 /* FaceMagikUITests */,
				9851D36C253A461C0009D709 /* Products */,
			);
			sourceTree = "<group>";
		};
		9851D36C253A461C0009D709 /* Products */ = {
			isa = PBXGroup;
			children = (
				9851D36B253A461C0009D709 /* FaceMagik.app */,
				9851D381253A46210009D709 /* FaceMagikTests.xctest */,
				9851D38C253A46210009D709 /* FaceMagikUITests.xctest */,
			);
			name = Products;
			sourceTree = "<group>";
		};
		9851D36D253A461C0009D709 /* FaceMagik */ = {
			isa = PBXGroup;
			children = (
				9816BAAD256CAF6C00FF90C6 /* Shaders */,
				9851D36E253A461C0009D709 /* AppDelegate.swift */,
				9851D370253A461C0009D709 /* SceneDelegate.swift */,
				9851D372253A461C0009D709 /* ViewController.swift */,
				985F8B71256C80F800EAA558 /* PreviewMetalView.swift */,
				98984AD9254C52D9009E7AC7 /* PhotoProcessor.swift */,
				984B11C2256218B1005809C3 /* ThresholdKernel.swift */,
				986921E9253CD9E700C98065 /* PreviewView.swift */,
				9851D374253A461C0009D709 /* Main.storyboard */,
				986471B22586A1690080F976 /* LightConditionsController.storyboard */,
				986471BC2589CA6C0080F976 /* StandupController.swift */,
				986471C12589CABD0080F976 /* StandupController.storyboard */,
				989F4592258A71A7005B1D4B /* PhoneOrientationController.swift */,
				989F4597258A71CF005B1D4B /* PhoneOrientationController.storyboard */,
				989F459C258BCAF9005B1D4B /* RotateInstructionsController.swift */,
				989F45A1258BCB14005B1D4B /* RotateInstructionsController.storyboard */,
				989F45B7258C0C5C005B1D4B /* AssessLightController.storyboard */,
				986471B72586A1A00080F976 /* LightConditionsController.swift */,
				9851213D257AA0CA00F11004 /* OverviewController.swift */,
				9851212825789E7100F11004 /* AlertViewController.storyboard */,
				985121352578B1A400F11004 /* AlertViewController.swift */,
				9816BAC52572D46600FF90C6 /* PortraitViewController.swift */,
				98512153257E96FA00F11004 /* AssessLightController.swift */,
				98512161258130C800F11004 /* SceneMapping.json */,
				98512158257F25CC00F11004 /* GoogLeNetPlaces.mlmodel */,
				985121232575EDB300F11004 /* CircularProgressView.swift */,
				9816BAC02570BE0400FF90C6 /* InstructViewController.swift */,
				9816BAB3256EEF7700FF90C6 /* LightingViewController.swift */,
				98B171062543360700D464BF /* ImageViewController.swift */,
				9851D377253A46200009D709 /* Assets.xcassets */,
				989F45AC258BD64D005B1D4B /* gifs */,
				9851D379253A46200009D709 /* LaunchScreen.storyboard */,
				9851D37C253A46200009D709 /* Info.plist */,
			);
			path = FaceMagik;
			sourceTree = "<group>";
		};
		9851D384253A46210009D709 /* FaceMagikTests */ = {
			isa = PBXGroup;
			children = (
				9851D385253A46210009D709 /* FaceMagikTests.swift */,
				9851D387253A46210009D709 /* Info.plist */,
			);
			path = FaceMagikTests;
			sourceTree = "<group>";
		};
		9851D38F253A46210009D709 /* FaceMagikUITests */ = {
			isa = PBXGroup;
			children = (
				9851D390253A46210009D709 /* FaceMagikUITests.swift */,
				9851D392253A46210009D709 /* Info.plist */,
			);
			path = FaceMagikUITests;
			sourceTree = "<group>";
		};
		989F45AC258BD64D005B1D4B /* gifs */ = {
			isa = PBXGroup;
			children = (
				989F45AD258BD684005B1D4B /* rotate-woman.gif */,
			);
			path = gifs;
			sourceTree = "<group>";
		};
/* End PBXGroup section */

/* Begin PBXNativeTarget section */
		9851D36A253A461C0009D709 /* FaceMagik */ = {
			isa = PBXNativeTarget;
			buildConfigurationList = 9851D395253A46210009D709 /* Build configuration list for PBXNativeTarget "FaceMagik" */;
			buildPhases = (
				9851D367253A461C0009D709 /* Sources */,
				9851D368253A461C0009D709 /* Frameworks */,
				9851D369253A461C0009D709 /* Resources */,
			);
			buildRules = (
			);
			dependencies = (
			);
			name = FaceMagik;
			packageProductDependencies = (
				989F45A7258BD2B2005B1D4B /* Gifu */,
			);
			productName = FaceMagik;
			productReference = 9851D36B253A461C0009D709 /* FaceMagik.app */;
			productType = "com.apple.product-type.application";
		};
		9851D380253A46210009D709 /* FaceMagikTests */ = {
			isa = PBXNativeTarget;
			buildConfigurationList = 9851D398253A46210009D709 /* Build configuration list for PBXNativeTarget "FaceMagikTests" */;
			buildPhases = (
				9851D37D253A46210009D709 /* Sources */,
				9851D37E253A46210009D709 /* Frameworks */,
				9851D37F253A46210009D709 /* Resources */,
			);
			buildRules = (
			);
			dependencies = (
				9851D383253A46210009D709 /* PBXTargetDependency */,
			);
			name = FaceMagikTests;
			productName = FaceMagikTests;
			productReference = 9851D381253A46210009D709 /* FaceMagikTests.xctest */;
			productType = "com.apple.product-type.bundle.unit-test";
		};
		9851D38B253A46210009D709 /* FaceMagikUITests */ = {
			isa = PBXNativeTarget;
			buildConfigurationList = 9851D39B253A46210009D709 /* Build configuration list for PBXNativeTarget "FaceMagikUITests" */;
			buildPhases = (
				9851D388253A46210009D709 /* Sources */,
				9851D389253A46210009D709 /* Frameworks */,
				9851D38A253A46210009D709 /* Resources */,
			);
			buildRules = (
			);
			dependencies = (
				9851D38E253A46210009D709 /* PBXTargetDependency */,
			);
			name = FaceMagikUITests;
			productName = FaceMagikUITests;
			productReference = 9851D38C253A46210009D709 /* FaceMagikUITests.xctest */;
			productType = "com.apple.product-type.bundle.ui-testing";
		};
/* End PBXNativeTarget section */

/* Begin PBXProject section */
		9851D363253A461C0009D709 /* Project object */ = {
			isa = PBXProject;
			attributes = {
				LastSwiftUpdateCheck = 1200;
				LastUpgradeCheck = 1200;
				TargetAttributes = {
					9851D36A253A461C0009D709 = {
						CreatedOnToolsVersion = 12.0.1;
					};
					9851D380253A46210009D709 = {
						CreatedOnToolsVersion = 12.0.1;
						TestTargetID = 9851D36A253A461C0009D709;
					};
					9851D38B253A46210009D709 = {
						CreatedOnToolsVersion = 12.0.1;
						TestTargetID = 9851D36A253A461C0009D709;
					};
				};
			};
			buildConfigurationList = 9851D366253A461C0009D709 /* Build configuration list for PBXProject "FaceMagik" */;
			compatibilityVersion = "Xcode 9.3";
			developmentRegion = en;
			hasScannedForEncodings = 0;
			knownRegions = (
				en,
				Base,
			);
			mainGroup = 9851D362253A461C0009D709;
			packageReferences = (
				989F45A6258BD2B2005B1D4B /* XCRemoteSwiftPackageReference "Gifu" */,
			);
			productRefGroup = 9851D36C253A461C0009D709 /* Products */;
			projectDirPath = "";
			projectRoot = "";
			targets = (
				9851D36A253A461C0009D709 /* FaceMagik */,
				9851D380253A46210009D709 /* FaceMagikTests */,
				9851D38B253A46210009D709 /* FaceMagikUITests */,
			);
		};
/* End PBXProject section */

/* Begin PBXResourcesBuildPhase section */
		9851D369253A461C0009D709 /* Resources */ = {
			isa = PBXResourcesBuildPhase;
			buildActionMask = 2147483647;
			files = (
				9851D37B253A46200009D709 /* LaunchScreen.storyboard in Resources */,
				9851D378253A46200009D709 /* Assets.xcassets in Resources */,
				9851212925789E7100F11004 /* AlertViewController.storyboard in Resources */,
				986471B32586A1690080F976 /* LightConditionsController.storyboard in Resources */,
				989F45AE258BD685005B1D4B /* rotate-woman.gif in Resources */,
				989F45A2258BCB14005B1D4B /* RotateInstructionsController.storyboard in Resources */,
				98512162258130C800F11004 /* SceneMapping.json in Resources */,
				986471C22589CABD0080F976 /* StandupController.storyboard in Resources */,
				989F4598258A71CF005B1D4B /* PhoneOrientationController.storyboard in Resources */,
				9851D376253A461C0009D709 /* Main.storyboard in Resources */,
				989F45B8258C0C5C005B1D4B /* AssessLightController.storyboard in Resources */,
			);
			runOnlyForDeploymentPostprocessing = 0;
		};
		9851D37F253A46210009D709 /* Resources */ = {
			isa = PBXResourcesBuildPhase;
			buildActionMask = 2147483647;
			files = (
			);
			runOnlyForDeploymentPostprocessing = 0;
		};
		9851D38A253A46210009D709 /* Resources */ = {
			isa = PBXResourcesBuildPhase;
			buildActionMask = 2147483647;
			files = (
			);
			runOnlyForDeploymentPostprocessing = 0;
		};
/* End PBXResourcesBuildPhase section */

/* Begin PBXSourcesBuildPhase section */
		9851D367253A461C0009D709 /* Sources */ = {
			isa = PBXSourcesBuildPhase;
			buildActionMask = 2147483647;
			files = (
				98512159257F25CC00F11004 /* GoogLeNetPlaces.mlmodel in Sources */,
				9851D373253A461C0009D709 /* ViewController.swift in Sources */,
				98512154257E96FA00F11004 /* AssessLightController.swift in Sources */,
				9816BAC62572D46600FF90C6 /* PortraitViewController.swift in Sources */,
				9816BAAF256CAF8E00FF90C6 /* PassThrough.metal in Sources */,
				9816BAC12570BE0400FF90C6 /* InstructViewController.swift in Sources */,
				985F8B72256C80F800EAA558 /* PreviewMetalView.swift in Sources */,
				989F459D258BCAF9005B1D4B /* RotateInstructionsController.swift in Sources */,
				986921EA253CD9E700C98065 /* PreviewView.swift in Sources */,
				984B11C3256218B1005809C3 /* ThresholdKernel.swift in Sources */,
				98B171072543360700D464BF /* ImageViewController.swift in Sources */,
				986471BD2589CA6C0080F976 /* StandupController.swift in Sources */,
				986471B82586A1A00080F976 /* LightConditionsController.swift in Sources */,
				9816BAB4256EEF7700FF90C6 /* LightingViewController.swift in Sources */,
				9851D36F253A461C0009D709 /* AppDelegate.swift in Sources */,
				985121242575EDB300F11004 /* CircularProgressView.swift in Sources */,
				9851D371253A461C0009D709 /* SceneDelegate.swift in Sources */,
				985121362578B1A400F11004 /* AlertViewController.swift in Sources */,
				9851213E257AA0CA00F11004 /* OverviewController.swift in Sources */,
				989F4593258A71A7005B1D4B /* PhoneOrientationController.swift in Sources */,
				98984ADA254C52DA009E7AC7 /* PhotoProcessor.swift in Sources */,
			);
			runOnlyForDeploymentPostprocessing = 0;
		};
		9851D37D253A46210009D709 /* Sources */ = {
			isa = PBXSourcesBuildPhase;
			buildActionMask = 2147483647;
			files = (
				9851D386253A46210009D709 /* FaceMagikTests.swift in Sources */,
			);
			runOnlyForDeploymentPostprocessing = 0;
		};
		9851D388253A46210009D709 /* Sources */ = {
			isa = PBXSourcesBuildPhase;
			buildActionMask = 2147483647;
			files = (
				9851D391253A46210009D709 /* FaceMagikUITests.swift in Sources */,
			);
			runOnlyForDeploymentPostprocessing = 0;
		};
/* End PBXSourcesBuildPhase section */

/* Begin PBXTargetDependency section */
		9851D383253A46210009D709 /* PBXTargetDependency */ = {
			isa = PBXTargetDependency;
			target = 9851D36A253A461C0009D709 /* FaceMagik */;
			targetProxy = 9851D382253A46210009D709 /* PBXContainerItemProxy */;
		};
		9851D38E253A46210009D709 /* PBXTargetDependency */ = {
			isa = PBXTargetDependency;
			target = 9851D36A253A461C0009D709 /* FaceMagik */;
			targetProxy = 9851D38D253A46210009D709 /* PBXContainerItemProxy */;
		};
/* End PBXTargetDependency section */

/* Begin PBXVariantGroup section */
		9851D374253A461C0009D709 /* Main.storyboard */ = {
			isa = PBXVariantGroup;
			children = (
				9851D375253A461C0009D709 /* Base */,
			);
			name = Main.storyboard;
			sourceTree = "<group>";
		};
		9851D379253A46200009D709 /* LaunchScreen.storyboard */ = {
			isa = PBXVariantGroup;
			children = (
				9851D37A253A46200009D709 /* Base */,
			);
			name = LaunchScreen.storyboard;
			sourceTree = "<group>";
		};
/* End PBXVariantGroup section */

/* Begin XCBuildConfiguration section */
		9851D393253A46210009D709 /* Debug */ = {
			isa = XCBuildConfiguration;
			buildSettings = {
				ALWAYS_SEARCH_USER_PATHS = NO;
				CLANG_ANALYZER_NONNULL = YES;
				CLANG_ANALYZER_NUMBER_OBJECT_CONVERSION = YES_AGGRESSIVE;
				CLANG_CXX_LANGUAGE_STANDARD = "gnu++14";
				CLANG_CXX_LIBRARY = "libc++";
				CLANG_ENABLE_MODULES = YES;
				CLANG_ENABLE_OBJC_ARC = YES;
				CLANG_ENABLE_OBJC_WEAK = YES;
				CLANG_WARN_BLOCK_CAPTURE_AUTORELEASING = YES;
				CLANG_WARN_BOOL_CONVERSION = YES;
				CLANG_WARN_COMMA = YES;
				CLANG_WARN_CONSTANT_CONVERSION = YES;
				CLANG_WARN_DEPRECATED_OBJC_IMPLEMENTATIONS = YES;
				CLANG_WARN_DIRECT_OBJC_ISA_USAGE = YES_ERROR;
				CLANG_WARN_DOCUMENTATION_COMMENTS = YES;
				CLANG_WARN_EMPTY_BODY = YES;
				CLANG_WARN_ENUM_CONVERSION = YES;
				CLANG_WARN_INFINITE_RECURSION = YES;
				CLANG_WARN_INT_CONVERSION = YES;
				CLANG_WARN_NON_LITERAL_NULL_CONVERSION = YES;
				CLANG_WARN_OBJC_IMPLICIT_RETAIN_SELF = YES;
				CLANG_WARN_OBJC_LITERAL_CONVERSION = YES;
				CLANG_WARN_OBJC_ROOT_CLASS = YES_ERROR;
				CLANG_WARN_QUOTED_INCLUDE_IN_FRAMEWORK_HEADER = YES;
				CLANG_WARN_RANGE_LOOP_ANALYSIS = YES;
				CLANG_WARN_STRICT_PROTOTYPES = YES;
				CLANG_WARN_SUSPICIOUS_MOVE = YES;
				CLANG_WARN_UNGUARDED_AVAILABILITY = YES_AGGRESSIVE;
				CLANG_WARN_UNREACHABLE_CODE = YES;
				CLANG_WARN__DUPLICATE_METHOD_MATCH = YES;
				COPY_PHASE_STRIP = NO;
				DEBUG_INFORMATION_FORMAT = dwarf;
				ENABLE_STRICT_OBJC_MSGSEND = YES;
				ENABLE_TESTABILITY = YES;
				GCC_C_LANGUAGE_STANDARD = gnu11;
				GCC_DYNAMIC_NO_PIC = NO;
				GCC_NO_COMMON_BLOCKS = YES;
				GCC_OPTIMIZATION_LEVEL = 0;
				GCC_PREPROCESSOR_DEFINITIONS = (
					"DEBUG=1",
					"$(inherited)",
				);
				GCC_WARN_64_TO_32_BIT_CONVERSION = YES;
				GCC_WARN_ABOUT_RETURN_TYPE = YES_ERROR;
				GCC_WARN_UNDECLARED_SELECTOR = YES;
				GCC_WARN_UNINITIALIZED_AUTOS = YES_AGGRESSIVE;
				GCC_WARN_UNUSED_FUNCTION = YES;
				GCC_WARN_UNUSED_VARIABLE = YES;
				IPHONEOS_DEPLOYMENT_TARGET = 14.0;
				MTL_ENABLE_DEBUG_INFO = INCLUDE_SOURCE;
				MTL_FAST_MATH = YES;
				ONLY_ACTIVE_ARCH = YES;
				SDKROOT = iphoneos;
				SWIFT_ACTIVE_COMPILATION_CONDITIONS = DEBUG;
				SWIFT_OPTIMIZATION_LEVEL = "-Onone";
			};
			name = Debug;
		};
		9851D394253A46210009D709 /* Release */ = {
			isa = XCBuildConfiguration;
			buildSettings = {
				ALWAYS_SEARCH_USER_PATHS = NO;
				CLANG_ANALYZER_NONNULL = YES;
				CLANG_ANALYZER_NUMBER_OBJECT_CONVERSION = YES_AGGRESSIVE;
				CLANG_CXX_LANGUAGE_STANDARD = "gnu++14";
				CLANG_CXX_LIBRARY = "libc++";
				CLANG_ENABLE_MODULES = YES;
				CLANG_ENABLE_OBJC_ARC = YES;
				CLANG_ENABLE_OBJC_WEAK = YES;
				CLANG_WARN_BLOCK_CAPTURE_AUTORELEASING = YES;
				CLANG_WARN_BOOL_CONVERSION = YES;
				CLANG_WARN_COMMA = YES;
				CLANG_WARN_CONSTANT_CONVERSION = YES;
				CLANG_WARN_DEPRECATED_OBJC_IMPLEMENTATIONS = YES;
				CLANG_WARN_DIRECT_OBJC_ISA_USAGE = YES_ERROR;
				CLANG_WARN_DOCUMENTATION_COMMENTS = YES;
				CLANG_WARN_EMPTY_BODY = YES;
				CLANG_WARN_ENUM_CONVERSION = YES;
				CLANG_WARN_INFINITE_RECURSION = YES;
				CLANG_WARN_INT_CONVERSION = YES;
				CLANG_WARN_NON_LITERAL_NULL_CONVERSION = YES;
				CLANG_WARN_OBJC_IMPLICIT_RETAIN_SELF = YES;
				CLANG_WARN_OBJC_LITERAL_CONVERSION = YES;
				CLANG_WARN_OBJC_ROOT_CLASS = YES_ERROR;
				CLANG_WARN_QUOTED_INCLUDE_IN_FRAMEWORK_HEADER = YES;
				CLANG_WARN_RANGE_LOOP_ANALYSIS = YES;
				CLANG_WARN_STRICT_PROTOTYPES = YES;
				CLANG_WARN_SUSPICIOUS_MOVE = YES;
				CLANG_WARN_UNGUARDED_AVAILABILITY = YES_AGGRESSIVE;
				CLANG_WARN_UNREACHABLE_CODE = YES;
				CLANG_WARN__DUPLICATE_METHOD_MATCH = YES;
				COPY_PHASE_STRIP = NO;
				DEBUG_INFORMATION_FORMAT = "dwarf-with-dsym";
				ENABLE_NS_ASSERTIONS = NO;
				ENABLE_STRICT_OBJC_MSGSEND = YES;
				GCC_C_LANGUAGE_STANDARD = gnu11;
				GCC_NO_COMMON_BLOCKS = YES;
				GCC_WARN_64_TO_32_BIT_CONVERSION = YES;
				GCC_WARN_ABOUT_RETURN_TYPE = YES_ERROR;
				GCC_WARN_UNDECLARED_SELECTOR = YES;
				GCC_WARN_UNINITIALIZED_AUTOS = YES_AGGRESSIVE;
				GCC_WARN_UNUSED_FUNCTION = YES;
				GCC_WARN_UNUSED_VARIABLE = YES;
				IPHONEOS_DEPLOYMENT_TARGET = 14.0;
				MTL_ENABLE_DEBUG_INFO = NO;
				MTL_FAST_MATH = YES;
				SDKROOT = iphoneos;
				SWIFT_COMPILATION_MODE = wholemodule;
				SWIFT_OPTIMIZATION_LEVEL = "-O";
				VALIDATE_PRODUCT = YES;
			};
			name = Release;
		};
		9851D396253A46210009D709 /* Debug */ = {
			isa = XCBuildConfiguration;
			buildSettings = {
				ASSETCATALOG_COMPILER_APPICON_NAME = AppIcon;
				ASSETCATALOG_COMPILER_GLOBAL_ACCENT_COLOR_NAME = AccentColor;
				CODE_SIGN_STYLE = Automatic;
				DEVELOPMENT_TEAM = 8DK67H4V9H;
				INFOPLIST_FILE = FaceMagik/Info.plist;
				IPHONEOS_DEPLOYMENT_TARGET = 14.2;
				LD_RUNPATH_SEARCH_PATHS = (
					"$(inherited)",
					"@executable_path/Frameworks",
				);
				PRODUCT_BUNDLE_IDENTIFIER = com.Addarsh.FaceMagik;
				PRODUCT_NAME = "$(TARGET_NAME)";
				SWIFT_VERSION = 5.0;
				TARGETED_DEVICE_FAMILY = "1,2";
			};
			name = Debug;
		};
		9851D397253A46210009D709 /* Release */ = {
			isa = XCBuildConfiguration;
			buildSettings = {
				ASSETCATALOG_COMPILER_APPICON_NAME = AppIcon;
				ASSETCATALOG_COMPILER_GLOBAL_ACCENT_COLOR_NAME = AccentColor;
				CODE_SIGN_STYLE = Automatic;
				DEVELOPMENT_TEAM = 8DK67H4V9H;
				INFOPLIST_FILE = FaceMagik/Info.plist;
				IPHONEOS_DEPLOYMENT_TARGET = 14.2;
				LD_RUNPATH_SEARCH_PATHS = (
					"$(inherited)",
					"@executable_path/Frameworks",
				);
				PRODUCT_BUNDLE_IDENTIFIER = com.Addarsh.FaceMagik;
				PRODUCT_NAME = "$(TARGET_NAME)";
				SWIFT_VERSION = 5.0;
				TARGETED_DEVICE_FAMILY = "1,2";
			};
			name = Release;
		};
		9851D399253A46210009D709 /* Debug */ = {
			isa = XCBuildConfiguration;
			buildSettings = {
				ALWAYS_EMBED_SWIFT_STANDARD_LIBRARIES = YES;
				BUNDLE_LOADER = "$(TEST_HOST)";
				CODE_SIGN_STYLE = Automatic;
				DEVELOPMENT_TEAM = 8DK67H4V9H;
				INFOPLIST_FILE = FaceMagikTests/Info.plist;
				IPHONEOS_DEPLOYMENT_TARGET = 14.0;
				LD_RUNPATH_SEARCH_PATHS = (
					"$(inherited)",
					"@executable_path/Frameworks",
					"@loader_path/Frameworks",
				);
				PRODUCT_BUNDLE_IDENTIFIER = com.Addarsh.FaceMagikTests;
				PRODUCT_NAME = "$(TARGET_NAME)";
				SWIFT_VERSION = 5.0;
				TARGETED_DEVICE_FAMILY = "1,2";
				TEST_HOST = "$(BUILT_PRODUCTS_DIR)/FaceMagik.app/FaceMagik";
			};
			name = Debug;
		};
		9851D39A253A46210009D709 /* Release */ = {
			isa = XCBuildConfiguration;
			buildSettings = {
				ALWAYS_EMBED_SWIFT_STANDARD_LIBRARIES = YES;
				BUNDLE_LOADER = "$(TEST_HOST)";
				CODE_SIGN_STYLE = Automatic;
				DEVELOPMENT_TEAM = 8DK67H4V9H;
				INFOPLIST_FILE = FaceMagikTests/Info.plist;
				IPHONEOS_DEPLOYMENT_TARGET = 14.0;
				LD_RUNPATH_SEARCH_PATHS = (
					"$(inherited)",
					"@executable_path/Frameworks",
					"@loader_path/Frameworks",
				);
				PRODUCT_BUNDLE_IDENTIFIER = com.Addarsh.FaceMagikTests;
				PRODUCT_NAME = "$(TARGET_NAME)";
				SWIFT_VERSION = 5.0;
				TARGETED_DEVICE_FAMILY = "1,2";
				TEST_HOST = "$(BUILT_PRODUCTS_DIR)/FaceMagik.app/FaceMagik";
			};
			name = Release;
		};
		9851D39C253A46210009D709 /* Debug */ = {
			isa = XCBuildConfiguration;
			buildSettings = {
				ALWAYS_EMBED_SWIFT_STANDARD_LIBRARIES = YES;
				CODE_SIGN_STYLE = Automatic;
				DEVELOPMENT_TEAM = 8DK67H4V9H;
				INFOPLIST_FILE = FaceMagikUITests/Info.plist;
				LD_RUNPATH_SEARCH_PATHS = (
					"$(inherited)",
					"@executable_path/Frameworks",
					"@loader_path/Frameworks",
				);
				PRODUCT_BUNDLE_IDENTIFIER = com.Addarsh.FaceMagikUITests;
				PRODUCT_NAME = "$(TARGET_NAME)";
				SWIFT_VERSION = 5.0;
				TARGETED_DEVICE_FAMILY = "1,2";
				TEST_TARGET_NAME = FaceMagik;
			};
			name = Debug;
		};
		9851D39D253A46210009D709 /* Release */ = {
			isa = XCBuildConfiguration;
			buildSettings = {
				ALWAYS_EMBED_SWIFT_STANDARD_LIBRARIES = YES;
				CODE_SIGN_STYLE = Automatic;
				DEVELOPMENT_TEAM = 8DK67H4V9H;
				INFOPLIST_FILE = FaceMagikUITests/Info.plist;
				LD_RUNPATH_SEARCH_PATHS = (
					"$(inherited)",
					"@executable_path/Frameworks",
					"@loader_path/Frameworks",
				);
				PRODUCT_BUNDLE_IDENTIFIER = com.Addarsh.FaceMagikUITests;
				PRODUCT_NAME = "$(TARGET_NAME)";
				SWIFT_VERSION = 5.0;
				TARGETED_DEVICE_FAMILY = "1,2";
				TEST_TARGET_NAME = FaceMagik;
			};
			name = Release;
		};
/* End XCBuildConfiguration section */

/* Begin XCConfigurationList section */
		9851D366253A461C0009D709 /* Build configuration list for PBXProject "FaceMagik" */ = {
			isa = XCConfigurationList;
			buildConfigurations = (
				9851D393253A46210009D709 /* Debug */,
				9851D394253A46210009D709 /* Release */,
			);
			defaultConfigurationIsVisible = 0;
			defaultConfigurationName = Release;
		};
		9851D395253A46210009D709 /* Build configuration list for PBXNativeTarget "FaceMagik" */ = {
			isa = XCConfigurationList;
			buildConfigurations = (
				9851D396253A46210009D709 /* Debug */,
				9851D397253A46210009D709 /* Release */,
			);
			defaultConfigurationIsVisible = 0;
			defaultConfigurationName = Release;
		};
		9851D398253A46210009D709 /* Build configuration list for PBXNativeTarget "FaceMagikTests" */ = {
			isa = XCConfigurationList;
			buildConfigurations = (
				9851D399253A46210009D709 /* Debug */,
				9851D39A253A46210009D709 /* Release */,
			);
			defaultConfigurationIsVisible = 0;
			defaultConfigurationName = Release;
		};
		9851D39B253A46210009D709 /* Build configuration list for PBXNativeTarget "FaceMagikUITests" */ = {
			isa = XCConfigurationList;
			buildConfigurations = (
				9851D39C253A46210009D709 /* Debug */,
				9851D39D253A46210009D709 /* Release */,
			);
			defaultConfigurationIsVisible = 0;
			defaultConfigurationName = Release;
		};
/* End XCConfigurationList section */

/* Begin XCRemoteSwiftPackageReference section */
		989F45A6258BD2B2005B1D4B /* XCRemoteSwiftPackageReference "Gifu" */ = {
			isa = XCRemoteSwiftPackageReference;
			repositoryURL = "https://github.com/kaishin/Gifu.git";
			requirement = {
				kind = upToNextMajorVersion;
				minimumVersion = 3.3.0;
			};
		};
/* End XCRemoteSwiftPackageReference section */

/* Begin XCSwiftPackageProductDependency section */
		989F45A7258BD2B2005B1D4B /* Gifu */ = {
			isa = XCSwiftPackageProductDependency;
			package = 989F45A6258BD2B2005B1D4B /* XCRemoteSwiftPackageReference "Gifu" */;
			productName = Gifu;
		};
/* End XCSwiftPackageProductDependency section */
	};
	rootObject = 9851D363253A461C0009D709 /* Project object */;
}
