// !$*UTF8*$!
{
	archiveVersion = 1;
	classes = {
	};
	objectVersion = 50;
	objects = {

/* Begin PBXBuildFile section */
		5839328508FBFF3F1111CDC9 /* Pods_ARFoundation.framework in Frameworks */ = {isa = PBXBuildFile; fileRef = E298A398C0EF65F44112DA95 /* Pods_ARFoundation.framework */; };
		98D6993F23D635E50031F7F4 /* AppDelegate.swift in Sources */ = {isa = PBXBuildFile; fileRef = 98D6993E23D635E50031F7F4 /* AppDelegate.swift */; };
		98D6994123D635E50031F7F4 /* art.scnassets in Resources */ = {isa = PBXBuildFile; fileRef = 98D6994023D635E50031F7F4 /* art.scnassets */; };
		98D6994323D635E50031F7F4 /* ViewController.swift in Sources */ = {isa = PBXBuildFile; fileRef = 98D6994223D635E50031F7F4 /* ViewController.swift */; };
		98D6994623D635E50031F7F4 /* Main.storyboard in Resources */ = {isa = PBXBuildFile; fileRef = 98D6994423D635E50031F7F4 /* Main.storyboard */; };
		98D6994823D635E80031F7F4 /* Assets.xcassets in Resources */ = {isa = PBXBuildFile; fileRef = 98D6994723D635E80031F7F4 /* Assets.xcassets */; };
		98D6994B23D635E80031F7F4 /* LaunchScreen.storyboard in Resources */ = {isa = PBXBuildFile; fileRef = 98D6994923D635E80031F7F4 /* LaunchScreen.storyboard */; };
		98D6995323DB55950031F7F4 /* ImageViewController.swift in Sources */ = {isa = PBXBuildFile; fileRef = 98D6995223DB55950031F7F4 /* ImageViewController.swift */; };
/* End PBXBuildFile section */

/* Begin PBXFileReference section */
		5902E5240DDC864939E7CE85 /* Pods-ARFoundation.debug.xcconfig */ = {isa = PBXFileReference; includeInIndex = 1; lastKnownFileType = text.xcconfig; name = "Pods-ARFoundation.debug.xcconfig"; path = "Target Support Files/Pods-ARFoundation/Pods-ARFoundation.debug.xcconfig"; sourceTree = "<group>"; };
		98D6993B23D635E50031F7F4 /* ARFoundation.app */ = {isa = PBXFileReference; explicitFileType = wrapper.application; includeInIndex = 0; path = ARFoundation.app; sourceTree = BUILT_PRODUCTS_DIR; };
		98D6993E23D635E50031F7F4 /* AppDelegate.swift */ = {isa = PBXFileReference; lastKnownFileType = sourcecode.swift; path = AppDelegate.swift; sourceTree = "<group>"; };
		98D6994023D635E50031F7F4 /* art.scnassets */ = {isa = PBXFileReference; lastKnownFileType = wrapper.scnassets; path = art.scnassets; sourceTree = "<group>"; };
		98D6994223D635E50031F7F4 /* ViewController.swift */ = {isa = PBXFileReference; lastKnownFileType = sourcecode.swift; path = ViewController.swift; sourceTree = "<group>"; };
		98D6994523D635E50031F7F4 /* Base */ = {isa = PBXFileReference; lastKnownFileType = file.storyboard; name = Base; path = Base.lproj/Main.storyboard; sourceTree = "<group>"; };
		98D6994723D635E80031F7F4 /* Assets.xcassets */ = {isa = PBXFileReference; lastKnownFileType = folder.assetcatalog; path = Assets.xcassets; sourceTree = "<group>"; };
		98D6994A23D635E80031F7F4 /* Base */ = {isa = PBXFileReference; lastKnownFileType = file.storyboard; name = Base; path = Base.lproj/LaunchScreen.storyboard; sourceTree = "<group>"; };
		98D6994C23D635E80031F7F4 /* Info.plist */ = {isa = PBXFileReference; lastKnownFileType = text.plist.xml; path = Info.plist; sourceTree = "<group>"; };
		98D6995223DB55950031F7F4 /* ImageViewController.swift */ = {isa = PBXFileReference; lastKnownFileType = sourcecode.swift; path = ImageViewController.swift; sourceTree = "<group>"; };
		E298A398C0EF65F44112DA95 /* Pods_ARFoundation.framework */ = {isa = PBXFileReference; explicitFileType = wrapper.framework; includeInIndex = 0; path = Pods_ARFoundation.framework; sourceTree = BUILT_PRODUCTS_DIR; };
		F98F26F3EA67B8A0915BF6CD /* Pods-ARFoundation.release.xcconfig */ = {isa = PBXFileReference; includeInIndex = 1; lastKnownFileType = text.xcconfig; name = "Pods-ARFoundation.release.xcconfig"; path = "Target Support Files/Pods-ARFoundation/Pods-ARFoundation.release.xcconfig"; sourceTree = "<group>"; };
/* End PBXFileReference section */

/* Begin PBXFrameworksBuildPhase section */
		98D6993823D635E50031F7F4 /* Frameworks */ = {
			isa = PBXFrameworksBuildPhase;
			buildActionMask = 2147483647;
			files = (
				5839328508FBFF3F1111CDC9 /* Pods_ARFoundation.framework in Frameworks */,
			);
			runOnlyForDeploymentPostprocessing = 0;
		};
/* End PBXFrameworksBuildPhase section */

/* Begin PBXGroup section */
		4127DA0BCFADF3E81B174C53 /* Pods */ = {
			isa = PBXGroup;
			children = (
				5902E5240DDC864939E7CE85 /* Pods-ARFoundation.debug.xcconfig */,
				F98F26F3EA67B8A0915BF6CD /* Pods-ARFoundation.release.xcconfig */,
			);
			name = Pods;
			path = Pods;
			sourceTree = "<group>";
		};
		98D6993223D635E50031F7F4 = {
			isa = PBXGroup;
			children = (
				98D6993D23D635E50031F7F4 /* ARFoundation */,
				98D6993C23D635E50031F7F4 /* Products */,
				4127DA0BCFADF3E81B174C53 /* Pods */,
				9AB2C8439020E64EC37467CD /* Frameworks */,
			);
			sourceTree = "<group>";
		};
		98D6993C23D635E50031F7F4 /* Products */ = {
			isa = PBXGroup;
			children = (
				98D6993B23D635E50031F7F4 /* ARFoundation.app */,
			);
			name = Products;
			sourceTree = "<group>";
		};
		98D6993D23D635E50031F7F4 /* ARFoundation */ = {
			isa = PBXGroup;
			children = (
				98D6993E23D635E50031F7F4 /* AppDelegate.swift */,
				98D6994023D635E50031F7F4 /* art.scnassets */,
				98D6994223D635E50031F7F4 /* ViewController.swift */,
				98D6994423D635E50031F7F4 /* Main.storyboard */,
				98D6995223DB55950031F7F4 /* ImageViewController.swift */,
				98D6994723D635E80031F7F4 /* Assets.xcassets */,
				98D6994923D635E80031F7F4 /* LaunchScreen.storyboard */,
				98D6994C23D635E80031F7F4 /* Info.plist */,
			);
			path = ARFoundation;
			sourceTree = "<group>";
		};
		9AB2C8439020E64EC37467CD /* Frameworks */ = {
			isa = PBXGroup;
			children = (
				E298A398C0EF65F44112DA95 /* Pods_ARFoundation.framework */,
			);
			name = Frameworks;
			sourceTree = "<group>";
		};
/* End PBXGroup section */

/* Begin PBXNativeTarget section */
		98D6993A23D635E50031F7F4 /* ARFoundation */ = {
			isa = PBXNativeTarget;
			buildConfigurationList = 98D6994F23D635E80031F7F4 /* Build configuration list for PBXNativeTarget "ARFoundation" */;
			buildPhases = (
				7FA3707C7DC80A7F381490A2 /* [CP] Check Pods Manifest.lock */,
				98D6993723D635E50031F7F4 /* Sources */,
				98D6993823D635E50031F7F4 /* Frameworks */,
				98D6993923D635E50031F7F4 /* Resources */,
				644D084CECA744490A163743 /* [CP] Embed Pods Frameworks */,
			);
			buildRules = (
			);
			dependencies = (
			);
			name = ARFoundation;
			productName = ARFoundation;
			productReference = 98D6993B23D635E50031F7F4 /* ARFoundation.app */;
			productType = "com.apple.product-type.application";
		};
/* End PBXNativeTarget section */

/* Begin PBXProject section */
		98D6993323D635E50031F7F4 /* Project object */ = {
			isa = PBXProject;
			attributes = {
				LastSwiftUpdateCheck = 1130;
				LastUpgradeCheck = 1130;
				ORGANIZATIONNAME = "Addarsh Chandrasekar";
				TargetAttributes = {
					98D6993A23D635E50031F7F4 = {
						CreatedOnToolsVersion = 11.3.1;
					};
				};
			};
			buildConfigurationList = 98D6993623D635E50031F7F4 /* Build configuration list for PBXProject "ARFoundation" */;
			compatibilityVersion = "Xcode 9.3";
			developmentRegion = en;
			hasScannedForEncodings = 0;
			knownRegions = (
				en,
				Base,
			);
			mainGroup = 98D6993223D635E50031F7F4;
			productRefGroup = 98D6993C23D635E50031F7F4 /* Products */;
			projectDirPath = "";
			projectRoot = "";
			targets = (
				98D6993A23D635E50031F7F4 /* ARFoundation */,
			);
		};
/* End PBXProject section */

/* Begin PBXResourcesBuildPhase section */
		98D6993923D635E50031F7F4 /* Resources */ = {
			isa = PBXResourcesBuildPhase;
			buildActionMask = 2147483647;
			files = (
				98D6994123D635E50031F7F4 /* art.scnassets in Resources */,
				98D6994B23D635E80031F7F4 /* LaunchScreen.storyboard in Resources */,
				98D6994823D635E80031F7F4 /* Assets.xcassets in Resources */,
				98D6994623D635E50031F7F4 /* Main.storyboard in Resources */,
			);
			runOnlyForDeploymentPostprocessing = 0;
		};
/* End PBXResourcesBuildPhase section */

/* Begin PBXShellScriptBuildPhase section */
		644D084CECA744490A163743 /* [CP] Embed Pods Frameworks */ = {
			isa = PBXShellScriptBuildPhase;
			buildActionMask = 2147483647;
			files = (
			);
			inputFileListPaths = (
				"${PODS_ROOT}/Target Support Files/Pods-ARFoundation/Pods-ARFoundation-frameworks-${CONFIGURATION}-input-files.xcfilelist",
			);
			name = "[CP] Embed Pods Frameworks";
			outputFileListPaths = (
				"${PODS_ROOT}/Target Support Files/Pods-ARFoundation/Pods-ARFoundation-frameworks-${CONFIGURATION}-output-files.xcfilelist",
			);
			runOnlyForDeploymentPostprocessing = 0;
			shellPath = /bin/sh;
			shellScript = "\"${PODS_ROOT}/Target Support Files/Pods-ARFoundation/Pods-ARFoundation-frameworks.sh\"\n";
			showEnvVarsInLog = 0;
		};
		7FA3707C7DC80A7F381490A2 /* [CP] Check Pods Manifest.lock */ = {
			isa = PBXShellScriptBuildPhase;
			buildActionMask = 2147483647;
			files = (
			);
			inputFileListPaths = (
			);
			inputPaths = (
				"${PODS_PODFILE_DIR_PATH}/Podfile.lock",
				"${PODS_ROOT}/Manifest.lock",
			);
			name = "[CP] Check Pods Manifest.lock";
			outputFileListPaths = (
			);
			outputPaths = (
				"$(DERIVED_FILE_DIR)/Pods-ARFoundation-checkManifestLockResult.txt",
			);
			runOnlyForDeploymentPostprocessing = 0;
			shellPath = /bin/sh;
			shellScript = "diff \"${PODS_PODFILE_DIR_PATH}/Podfile.lock\" \"${PODS_ROOT}/Manifest.lock\" > /dev/null\nif [ $? != 0 ] ; then\n    # print error to STDERR\n    echo \"error: The sandbox is not in sync with the Podfile.lock. Run 'pod install' or update your CocoaPods installation.\" >&2\n    exit 1\nfi\n# This output is used by Xcode 'outputs' to avoid re-running this script phase.\necho \"SUCCESS\" > \"${SCRIPT_OUTPUT_FILE_0}\"\n";
			showEnvVarsInLog = 0;
		};
/* End PBXShellScriptBuildPhase section */

/* Begin PBXSourcesBuildPhase section */
		98D6993723D635E50031F7F4 /* Sources */ = {
			isa = PBXSourcesBuildPhase;
			buildActionMask = 2147483647;
			files = (
				98D6994323D635E50031F7F4 /* ViewController.swift in Sources */,
				98D6995323DB55950031F7F4 /* ImageViewController.swift in Sources */,
				98D6993F23D635E50031F7F4 /* AppDelegate.swift in Sources */,
			);
			runOnlyForDeploymentPostprocessing = 0;
		};
/* End PBXSourcesBuildPhase section */

/* Begin PBXVariantGroup section */
		98D6994423D635E50031F7F4 /* Main.storyboard */ = {
			isa = PBXVariantGroup;
			children = (
				98D6994523D635E50031F7F4 /* Base */,
			);
			name = Main.storyboard;
			sourceTree = "<group>";
		};
		98D6994923D635E80031F7F4 /* LaunchScreen.storyboard */ = {
			isa = PBXVariantGroup;
			children = (
				98D6994A23D635E80031F7F4 /* Base */,
			);
			name = LaunchScreen.storyboard;
			sourceTree = "<group>";
		};
/* End PBXVariantGroup section */

/* Begin XCBuildConfiguration section */
		98D6994D23D635E80031F7F4 /* Debug */ = {
			isa = XCBuildConfiguration;
			buildSettings = {
				ALWAYS_SEARCH_USER_PATHS = NO;
				CLANG_ANALYZER_NONNULL = YES;
				CLANG_ANALYZER_NUMBER_OBJECT_CONVERSION = YES_AGGRESSIVE;
				CLANG_CXX_LANGUAGE_STANDARD = "gnu++14";
				CLANG_CXX_LIBRARY = "libc++";
				CLANG_ENABLE_MODULES = YES;
				CLANG_ENABLE_OBJC_ARC = YES;
				CLANG_ENABLE_OBJC_WEAK = YES;
				CLANG_WARN_BLOCK_CAPTURE_AUTORELEASING = YES;
				CLANG_WARN_BOOL_CONVERSION = YES;
				CLANG_WARN_COMMA = YES;
				CLANG_WARN_CONSTANT_CONVERSION = YES;
				CLANG_WARN_DEPRECATED_OBJC_IMPLEMENTATIONS = YES;
				CLANG_WARN_DIRECT_OBJC_ISA_USAGE = YES_ERROR;
				CLANG_WARN_DOCUMENTATION_COMMENTS = YES;
				CLANG_WARN_EMPTY_BODY = YES;
				CLANG_WARN_ENUM_CONVERSION = YES;
				CLANG_WARN_INFINITE_RECURSION = YES;
				CLANG_WARN_INT_CONVERSION = YES;
				CLANG_WARN_NON_LITERAL_NULL_CONVERSION = YES;
				CLANG_WARN_OBJC_IMPLICIT_RETAIN_SELF = YES;
				CLANG_WARN_OBJC_LITERAL_CONVERSION = YES;
				CLANG_WARN_OBJC_ROOT_CLASS = YES_ERROR;
				CLANG_WARN_RANGE_LOOP_ANALYSIS = YES;
				CLANG_WARN_STRICT_PROTOTYPES = YES;
				CLANG_WARN_SUSPICIOUS_MOVE = YES;
				CLANG_WARN_UNGUARDED_AVAILABILITY = YES_AGGRESSIVE;
				CLANG_WARN_UNREACHABLE_CODE = YES;
				CLANG_WARN__DUPLICATE_METHOD_MATCH = YES;
				COPY_PHASE_STRIP = NO;
				DEBUG_INFORMATION_FORMAT = dwarf;
				ENABLE_STRICT_OBJC_MSGSEND = YES;
				ENABLE_TESTABILITY = YES;
				GCC_C_LANGUAGE_STANDARD = gnu11;
				GCC_DYNAMIC_NO_PIC = NO;
				GCC_NO_COMMON_BLOCKS = YES;
				GCC_OPTIMIZATION_LEVEL = 0;
				GCC_PREPROCESSOR_DEFINITIONS = (
					"DEBUG=1",
					"$(inherited)",
				);
				GCC_WARN_64_TO_32_BIT_CONVERSION = YES;
				GCC_WARN_ABOUT_RETURN_TYPE = YES_ERROR;
				GCC_WARN_UNDECLARED_SELECTOR = YES;
				GCC_WARN_UNINITIALIZED_AUTOS = YES_AGGRESSIVE;
				GCC_WARN_UNUSED_FUNCTION = YES;
				GCC_WARN_UNUSED_VARIABLE = YES;
				IPHONEOS_DEPLOYMENT_TARGET = 13.2;
				MTL_ENABLE_DEBUG_INFO = INCLUDE_SOURCE;
				MTL_FAST_MATH = YES;
				ONLY_ACTIVE_ARCH = YES;
				SDKROOT = iphoneos;
				SWIFT_ACTIVE_COMPILATION_CONDITIONS = DEBUG;
				SWIFT_OPTIMIZATION_LEVEL = "-Onone";
			};
			name = Debug;
		};
		98D6994E23D635E80031F7F4 /* Release */ = {
			isa = XCBuildConfiguration;
			buildSettings = {
				ALWAYS_SEARCH_USER_PATHS = NO;
				CLANG_ANALYZER_NONNULL = YES;
				CLANG_ANALYZER_NUMBER_OBJECT_CONVERSION = YES_AGGRESSIVE;
				CLANG_CXX_LANGUAGE_STANDARD = "gnu++14";
				CLANG_CXX_LIBRARY = "libc++";
				CLANG_ENABLE_MODULES = YES;
				CLANG_ENABLE_OBJC_ARC = YES;
				CLANG_ENABLE_OBJC_WEAK = YES;
				CLANG_WARN_BLOCK_CAPTURE_AUTORELEASING = YES;
				CLANG_WARN_BOOL_CONVERSION = YES;
				CLANG_WARN_COMMA = YES;
				CLANG_WARN_CONSTANT_CONVERSION = YES;
				CLANG_WARN_DEPRECATED_OBJC_IMPLEMENTATIONS = YES;
				CLANG_WARN_DIRECT_OBJC_ISA_USAGE = YES_ERROR;
				CLANG_WARN_DOCUMENTATION_COMMENTS = YES;
				CLANG_WARN_EMPTY_BODY = YES;
				CLANG_WARN_ENUM_CONVERSION = YES;
				CLANG_WARN_INFINITE_RECURSION = YES;
				CLANG_WARN_INT_CONVERSION = YES;
				CLANG_WARN_NON_LITERAL_NULL_CONVERSION = YES;
				CLANG_WARN_OBJC_IMPLICIT_RETAIN_SELF = YES;
				CLANG_WARN_OBJC_LITERAL_CONVERSION = YES;
				CLANG_WARN_OBJC_ROOT_CLASS = YES_ERROR;
				CLANG_WARN_RANGE_LOOP_ANALYSIS = YES;
				CLANG_WARN_STRICT_PROTOTYPES = YES;
				CLANG_WARN_SUSPICIOUS_MOVE = YES;
				CLANG_WARN_UNGUARDED_AVAILABILITY = YES_AGGRESSIVE;
				CLANG_WARN_UNREACHABLE_CODE = YES;
				CLANG_WARN__DUPLICATE_METHOD_MATCH = YES;
				COPY_PHASE_STRIP = NO;
				DEBUG_INFORMATION_FORMAT = "dwarf-with-dsym";
				ENABLE_NS_ASSERTIONS = NO;
				ENABLE_STRICT_OBJC_MSGSEND = YES;
				GCC_C_LANGUAGE_STANDARD = gnu11;
				GCC_NO_COMMON_BLOCKS = YES;
				GCC_WARN_64_TO_32_BIT_CONVERSION = YES;
				GCC_WARN_ABOUT_RETURN_TYPE = YES_ERROR;
				GCC_WARN_UNDECLARED_SELECTOR = YES;
				GCC_WARN_UNINITIALIZED_AUTOS = YES_AGGRESSIVE;
				GCC_WARN_UNUSED_FUNCTION = YES;
				GCC_WARN_UNUSED_VARIABLE = YES;
				IPHONEOS_DEPLOYMENT_TARGET = 13.2;
				MTL_ENABLE_DEBUG_INFO = NO;
				MTL_FAST_MATH = YES;
				SDKROOT = iphoneos;
				SWIFT_COMPILATION_MODE = wholemodule;
				SWIFT_OPTIMIZATION_LEVEL = "-O";
				VALIDATE_PRODUCT = YES;
			};
			name = Release;
		};
		98D6995023D635E80031F7F4 /* Debug */ = {
			isa = XCBuildConfiguration;
			baseConfigurationReference = 5902E5240DDC864939E7CE85 /* Pods-ARFoundation.debug.xcconfig */;
			buildSettings = {
				ASSETCATALOG_COMPILER_APPICON_NAME = AppIcon;
				CODE_SIGN_STYLE = Automatic;
				DEVELOPMENT_TEAM = 8DK67H4V9H;
				INFOPLIST_FILE = ARFoundation/Info.plist;
				LD_RUNPATH_SEARCH_PATHS = (
					"$(inherited)",
					"@executable_path/Frameworks",
				);
				PRODUCT_BUNDLE_IDENTIFIER = com.Addarsh.ARFoundation;
				PRODUCT_NAME = "$(TARGET_NAME)";
				SWIFT_VERSION = 5.0;
				TARGETED_DEVICE_FAMILY = "1,2";
			};
			name = Debug;
		};
		98D6995123D635E80031F7F4 /* Release */ = {
			isa = XCBuildConfiguration;
			baseConfigurationReference = F98F26F3EA67B8A0915BF6CD /* Pods-ARFoundation.release.xcconfig */;
			buildSettings = {
				ASSETCATALOG_COMPILER_APPICON_NAME = AppIcon;
				CODE_SIGN_STYLE = Automatic;
				DEVELOPMENT_TEAM = 8DK67H4V9H;
				INFOPLIST_FILE = ARFoundation/Info.plist;
				LD_RUNPATH_SEARCH_PATHS = (
					"$(inherited)",
					"@executable_path/Frameworks",
				);
				PRODUCT_BUNDLE_IDENTIFIER = com.Addarsh.ARFoundation;
				PRODUCT_NAME = "$(TARGET_NAME)";
				SWIFT_VERSION = 5.0;
				TARGETED_DEVICE_FAMILY = "1,2";
			};
			name = Release;
		};
/* End XCBuildConfiguration section */

/* Begin XCConfigurationList section */
		98D6993623D635E50031F7F4 /* Build configuration list for PBXProject "ARFoundation" */ = {
			isa = XCConfigurationList;
			buildConfigurations = (
				98D6994D23D635E80031F7F4 /* Debug */,
				98D6994E23D635E80031F7F4 /* Release */,
			);
			defaultConfigurationIsVisible = 0;
			defaultConfigurationName = Release;
		};
		98D6994F23D635E80031F7F4 /* Build configuration list for PBXNativeTarget "ARFoundation" */ = {
			isa = XCConfigurationList;
			buildConfigurations = (
				98D6995023D635E80031F7F4 /* Debug */,
				98D6995123D635E80031F7F4 /* Release */,
			);
			defaultConfigurationIsVisible = 0;
			defaultConfigurationName = Release;
		};
/* End XCConfigurationList section */
	};
	rootObject = 98D6993323D635E50031F7F4 /* Project object */;
}
